
Microsoft Visual Studio Solution File, Format Version 12.00
# Visual Studio Version 17
VisualStudioVersion = 17.4.33205.214
MinimumVisualStudioVersion = 10.0.40219.1
Project("{888888A0-9F3D-457C-B088-3A5042F75D52}") = "Visisilica", "Visisilica\Visisilica.pyproj", "{B00762C3-1C74-4B85-8C7F-7B706F656D18}"
EndProject
Global
	GlobalSection(SolutionConfigurationPlatforms) = preSolution
		Debug|Any CPU = Debug|Any CPU
		Release|Any CPU = Release|Any CPU
	EndGlobalSection
	GlobalSection(ProjectConfigurationPlatforms) = postSolution
		{B00762C3-1C74-4B85-8C7F-7B706F656D18}.Debug|Any CPU.ActiveCfg = Debug|Any CPU
		{B00762C3-1C74-4B85-8C7F-7B706F656D18}.Release|Any CPU.ActiveCfg = Release|Any CPU
	EndGlobalSection
	GlobalSection(SolutionProperties) = preSolution
		HideSolutionNode = FALSE
	EndGlobalSection
	GlobalSection(ExtensibilityGlobals) = postSolution
		SolutionGuid = {9840C598-DCCC-4B82-9236-2892D8F3AA45}
	EndGlobalSection
EndGlobal
